
Microsoft Visual Studio Solution File, Format Version 12.00
# Visual Studio Version 17
VisualStudioVersion = 17.4.33205.214
MinimumVisualStudioVersion = 10.0.40219.1
Project("{9A19103F-16F7-4668-BE54-9A1E7A4F7556}") = "EGE", "EGE\EGE.csproj", "{CCE2F649-23CC-4F3E-910F-0A4BB249D42E}"
EndProject
Global
	GlobalSection(SolutionConfigurationPlatforms) = preSolution
		Debug|Any CPU = Debug|Any CPU
		Release|Any CPU = Release|Any CPU
	EndGlobalSection
	GlobalSection(ProjectConfigurationPlatforms) = postSolution
		{CCE2F649-23CC-4F3E-910F-0A4BB249D42E}.Debug|Any CPU.ActiveCfg = Debug|Any CPU
		{CCE2F649-23CC-4F3E-910F-0A4BB249D42E}.Debug|Any CPU.Build.0 = Debug|Any CPU
		{CCE2F649-23CC-4F3E-910F-0A4BB249D42E}.Release|Any CPU.ActiveCfg = Release|Any CPU
		{CCE2F649-23CC-4F3E-910F-0A4BB249D42E}.Release|Any CPU.Build.0 = Release|Any CPU
	EndGlobalSection
	GlobalSection(SolutionProperties) = preSolution
		HideSolutionNode = FALSE
	EndGlobalSection
	GlobalSection(ExtensibilityGlobals) = postSolution
		SolutionGuid = {96F1BED4-C7FC-431E-87EB-D7739AE00D16}
	EndGlobalSection
EndGlobal
